
Microsoft Visual Studio Solution File, Format Version 12.00
# Visual Studio Version 16
VisualStudioVersion = 16.0.31025.109
MinimumVisualStudioVersion = 10.0.40219.1
Project("{9A19103F-16F7-4668-BE54-9A1E7A4F7556}") = "CustomerAleksandr.TestgRPCApplication", "CustomerAleksandr.TestgRPCApplication\CustomerAleksandr.TestgRPCApplication.csproj", "{8D53AE7C-474E-45DC-8CF3-A786FE320BDD}"
EndProject
Project("{9A19103F-16F7-4668-BE54-9A1E7A4F7556}") = "Logic", "TestClassLibrary\Logic.csproj", "{8D9F7502-225F-498F-BF80-5AAAAC535559}"
EndProject
Project("{2150E333-8FDC-42A3-9474-1A3956D46DE8}") = "Common", "Common", "{479AF7A1-007F-4F49-8A14-FD13324EAF21}"
EndProject
Project("{2150E333-8FDC-42A3-9474-1A3956D46DE8}") = "Logic", "Logic", "{1A9B6A3A-35AA-43E5-B142-245A355A465D}"
EndProject
Project("{2150E333-8FDC-42A3-9474-1A3956D46DE8}") = "Data", "Data", "{A2A8C7DC-1C2E-4F26-B6B7-BBB5047F92C0}"
EndProject
Project("{9A19103F-16F7-4668-BE54-9A1E7A4F7556}") = "Entity", "Entity\Entity.csproj", "{EF73CE2F-D31D-4125-B135-A4EE627A3E63}"
EndProject
Project("{9A19103F-16F7-4668-BE54-9A1E7A4F7556}") = "Exceptions", "Exceptions\Exceptions.csproj", "{311B6D4A-576B-4747-A892-4ECBF909DE43}"
EndProject
Project("{9A19103F-16F7-4668-BE54-9A1E7A4F7556}") = "LogicInterface", "TestClassLibraryInterface\LogicInterface.csproj", "{1FE2E9B6-83EF-4B3F-B3AD-E9087D346EDA}"
EndProject
Project("{9A19103F-16F7-4668-BE54-9A1E7A4F7556}") = "DataInterface", "TestSQliteInterface\DataInterface.csproj", "{555A1943-0A6A-4747-AA52-FD6C2C951030}"
EndProject
Project("{9A19103F-16F7-4668-BE54-9A1E7A4F7556}") = "TestSQlite", "TestSQlite\TestSQlite.csproj", "{849C8FCF-C06C-4513-9568-2C4A35B45B61}"
EndProject
Project("{9A19103F-16F7-4668-BE54-9A1E7A4F7556}") = "Dependencies", "Dependencies\Dependencies.csproj", "{B2103780-F8FF-4B46-A51D-1A6A02D3C869}"
EndProject
Project("{FAE04EC0-301F-11D3-BF4B-00C04F79EFBC}") = "TestMemoryData", "TestMemoryData\TestMemoryData.csproj", "{167461F9-A579-4AB2-9D3B-3481E13890C3}"
EndProject
Global
	GlobalSection(SolutionConfigurationPlatforms) = preSolution
		Debug|Any CPU = Debug|Any CPU
		Release|Any CPU = Release|Any CPU
	EndGlobalSection
	GlobalSection(ProjectConfigurationPlatforms) = postSolution
		{8D53AE7C-474E-45DC-8CF3-A786FE320BDD}.Debug|Any CPU.ActiveCfg = Debug|Any CPU
		{8D53AE7C-474E-45DC-8CF3-A786FE320BDD}.Debug|Any CPU.Build.0 = Debug|Any CPU
		{8D53AE7C-474E-45DC-8CF3-A786FE320BDD}.Release|Any CPU.ActiveCfg = Release|Any CPU
		{8D53AE7C-474E-45DC-8CF3-A786FE320BDD}.Release|Any CPU.Build.0 = Release|Any CPU
		{8D9F7502-225F-498F-BF80-5AAAAC535559}.Debug|Any CPU.ActiveCfg = Debug|Any CPU
		{8D9F7502-225F-498F-BF80-5AAAAC535559}.Debug|Any CPU.Build.0 = Debug|Any CPU
		{8D9F7502-225F-498F-BF80-5AAAAC535559}.Release|Any CPU.ActiveCfg = Release|Any CPU
		{8D9F7502-225F-498F-BF80-5AAAAC535559}.Release|Any CPU.Build.0 = Release|Any CPU
		{EF73CE2F-D31D-4125-B135-A4EE627A3E63}.Debug|Any CPU.ActiveCfg = Debug|Any CPU
		{EF73CE2F-D31D-4125-B135-A4EE627A3E63}.Debug|Any CPU.Build.0 = Debug|Any CPU
		{EF73CE2F-D31D-4125-B135-A4EE627A3E63}.Release|Any CPU.ActiveCfg = Release|Any CPU
		{EF73CE2F-D31D-4125-B135-A4EE627A3E63}.Release|Any CPU.Build.0 = Release|Any CPU
		{311B6D4A-576B-4747-A892-4ECBF909DE43}.Debug|Any CPU.ActiveCfg = Debug|Any CPU
		{311B6D4A-576B-4747-A892-4ECBF909DE43}.Debug|Any CPU.Build.0 = Debug|Any CPU
		{311B6D4A-576B-4747-A892-4ECBF909DE43}.Release|Any CPU.ActiveCfg = Release|Any CPU
		{311B6D4A-576B-4747-A892-4ECBF909DE43}.Release|Any CPU.Build.0 = Release|Any CPU
		{1FE2E9B6-83EF-4B3F-B3AD-E9087D346EDA}.Debug|Any CPU.ActiveCfg = Debug|Any CPU
		{1FE2E9B6-83EF-4B3F-B3AD-E9087D346EDA}.Debug|Any CPU.Build.0 = Debug|Any CPU
		{1FE2E9B6-83EF-4B3F-B3AD-E9087D346EDA}.Release|Any CPU.ActiveCfg = Release|Any CPU
		{1FE2E9B6-83EF-4B3F-B3AD-E9087D346EDA}.Release|Any CPU.Build.0 = Release|Any CPU
		{555A1943-0A6A-4747-AA52-FD6C2C951030}.Debug|Any CPU.ActiveCfg = Debug|Any CPU
		{555A1943-0A6A-4747-AA52-FD6C2C951030}.Debug|Any CPU.Build.0 = Debug|Any CPU
		{555A1943-0A6A-4747-AA52-FD6C2C951030}.Release|Any CPU.ActiveCfg = Release|Any CPU
		{555A1943-0A6A-4747-AA52-FD6C2C951030}.Release|Any CPU.Build.0 = Release|Any CPU
		{849C8FCF-C06C-4513-9568-2C4A35B45B61}.Debug|Any CPU.ActiveCfg = Debug|Any CPU
		{849C8FCF-C06C-4513-9568-2C4A35B45B61}.Debug|Any CPU.Build.0 = Debug|Any CPU
		{849C8FCF-C06C-4513-9568-2C4A35B45B61}.Release|Any CPU.ActiveCfg = Release|Any CPU
		{849C8FCF-C06C-4513-9568-2C4A35B45B61}.Release|Any CPU.Build.0 = Release|Any CPU
		{B2103780-F8FF-4B46-A51D-1A6A02D3C869}.Debug|Any CPU.ActiveCfg = Debug|Any CPU
		{B2103780-F8FF-4B46-A51D-1A6A02D3C869}.Debug|Any CPU.Build.0 = Debug|Any CPU
		{B2103780-F8FF-4B46-A51D-1A6A02D3C869}.Release|Any CPU.ActiveCfg = Release|Any CPU
		{B2103780-F8FF-4B46-A51D-1A6A02D3C869}.Release|Any CPU.Build.0 = Release|Any CPU
		{167461F9-A579-4AB2-9D3B-3481E13890C3}.Debug|Any CPU.ActiveCfg = Debug|Any CPU
		{167461F9-A579-4AB2-9D3B-3481E13890C3}.Debug|Any CPU.Build.0 = Debug|Any CPU
		{167461F9-A579-4AB2-9D3B-3481E13890C3}.Release|Any CPU.ActiveCfg = Release|Any CPU
		{167461F9-A579-4AB2-9D3B-3481E13890C3}.Release|Any CPU.Build.0 = Release|Any CPU
	EndGlobalSection
	GlobalSection(SolutionProperties) = preSolution
		HideSolutionNode = FALSE
	EndGlobalSection
	GlobalSection(NestedProjects) = preSolution
		{8D9F7502-225F-498F-BF80-5AAAAC535559} = {1A9B6A3A-35AA-43E5-B142-245A355A465D}
		{EF73CE2F-D31D-4125-B135-A4EE627A3E63} = {479AF7A1-007F-4F49-8A14-FD13324EAF21}
		{311B6D4A-576B-4747-A892-4ECBF909DE43} = {479AF7A1-007F-4F49-8A14-FD13324EAF21}
		{1FE2E9B6-83EF-4B3F-B3AD-E9087D346EDA} = {1A9B6A3A-35AA-43E5-B142-245A355A465D}
		{555A1943-0A6A-4747-AA52-FD6C2C951030} = {A2A8C7DC-1C2E-4F26-B6B7-BBB5047F92C0}
		{849C8FCF-C06C-4513-9568-2C4A35B45B61} = {A2A8C7DC-1C2E-4F26-B6B7-BBB5047F92C0}
		{B2103780-F8FF-4B46-A51D-1A6A02D3C869} = {479AF7A1-007F-4F49-8A14-FD13324EAF21}
		{167461F9-A579-4AB2-9D3B-3481E13890C3} = {A2A8C7DC-1C2E-4F26-B6B7-BBB5047F92C0}
	EndGlobalSection
	GlobalSection(ExtensibilityGlobals) = postSolution
		SolutionGuid = {7FF70043-9356-4348-B767-6C568A0E63C6}
	EndGlobalSection
EndGlobal
